
Microsoft Visual Studio Solution File, Format Version 12.00
# Visual Studio Version 17
VisualStudioVersion = 17.8.34408.163
MinimumVisualStudioVersion = 10.0.40219.1
Project("{9A19103F-16F7-4668-BE54-9A1E7A4F7556}") = "HtmlTask", "HtmlTask\HtmlTask.csproj", "{BB5CAB1D-7D99-46DF-A659-ECEFFD0FC1BD}"
EndProject
Project("{9A19103F-16F7-4668-BE54-9A1E7A4F7556}") = "CssTextTask", "CssTextTask\CssTextTask.csproj", "{75763B39-B55B-4D1C-9A4C-CF43EE5AA8BA}"
EndProject
Project("{9A19103F-16F7-4668-BE54-9A1E7A4F7556}") = "CssTableTask", "CssTableTask\CssTableTask.csproj", "{30EF000D-987D-40E4-A21A-8E1F0185C6F5}"
EndProject
Project("{9A19103F-16F7-4668-BE54-9A1E7A4F7556}") = "CssFormTask", "CssFormTask\CssFormTask.csproj", "{89AB9006-C05E-4F23-B53E-163ED7BA24F4}"
EndProject
Project("{9A19103F-16F7-4668-BE54-9A1E7A4F7556}") = "GabrielTask", "GabrielTask\GabrielTask.csproj", "{59CDBE84-3C99-47E3-B71D-C842EC04825B}"
EndProject
Project("{9A19103F-16F7-4668-BE54-9A1E7A4F7556}") = "ArraysTask", "ArraysTask\ArraysTask.csproj", "{A2942544-8F17-46D1-97D7-3C422B6A7F09}"
EndProject
Project("{9A19103F-16F7-4668-BE54-9A1E7A4F7556}") = "ObjectsTask", "ObjectsTask\ObjectsTask.csproj", "{D4CEF323-7A8B-4826-855B-089D7965C2C9}"
EndProject
Project("{2150E333-8FDC-42A3-9474-1A3956D46DE8}") = "trashcan", "trashcan", "{49C50457-E42C-4363-BA72-FC50B77293B2}"
EndProject
Project("{9A19103F-16F7-4668-BE54-9A1E7A4F7556}") = "BlazorApp1", "BlazorApp1\BlazorApp1.csproj", "{E539C235-14DE-46D4-B98C-4680B3618066}"
EndProject
Project("{9A19103F-16F7-4668-BE54-9A1E7A4F7556}") = "mvc", "mvc\mvc.csproj", "{00AE722A-21FA-4457-88C6-EDFBBFD3CF43}"
EndProject
Project("{9A19103F-16F7-4668-BE54-9A1E7A4F7556}") = "testingemptyweb", "testingemptyweb\testingemptyweb.csproj", "{9AB366D4-B055-48A9-B821-0A00C00CF600}"
EndProject
Project("{9A19103F-16F7-4668-BE54-9A1E7A4F7556}") = "WebApplication7", "WebApplication7\WebApplication7.csproj", "{EEC09F73-1A8C-4D37-B692-AA5DAD21C561}"
EndProject
Project("{9A19103F-16F7-4668-BE54-9A1E7A4F7556}") = "TodoListTaskJs", "TodoListTaskJs\TodoListTaskJs.csproj", "{C8A79172-EB87-4A7A-BB87-8588CF89FE49}"
EndProject
Project("{9A19103F-16F7-4668-BE54-9A1E7A4F7556}") = "TemperatureTaskJs", "TemperatureTaskJs\TemperatureTaskJs.csproj", "{047F2BCE-12A4-46FD-B317-AE335424E19D}"
EndProject
Global
	GlobalSection(SolutionConfigurationPlatforms) = preSolution
		Debug|Any CPU = Debug|Any CPU
		Release|Any CPU = Release|Any CPU
	EndGlobalSection
	GlobalSection(ProjectConfigurationPlatforms) = postSolution
		{BB5CAB1D-7D99-46DF-A659-ECEFFD0FC1BD}.Debug|Any CPU.ActiveCfg = Debug|Any CPU
		{BB5CAB1D-7D99-46DF-A659-ECEFFD0FC1BD}.Debug|Any CPU.Build.0 = Debug|Any CPU
		{BB5CAB1D-7D99-46DF-A659-ECEFFD0FC1BD}.Release|Any CPU.ActiveCfg = Release|Any CPU
		{BB5CAB1D-7D99-46DF-A659-ECEFFD0FC1BD}.Release|Any CPU.Build.0 = Release|Any CPU
		{75763B39-B55B-4D1C-9A4C-CF43EE5AA8BA}.Debug|Any CPU.ActiveCfg = Debug|Any CPU
		{75763B39-B55B-4D1C-9A4C-CF43EE5AA8BA}.Debug|Any CPU.Build.0 = Debug|Any CPU
		{75763B39-B55B-4D1C-9A4C-CF43EE5AA8BA}.Release|Any CPU.ActiveCfg = Release|Any CPU
		{75763B39-B55B-4D1C-9A4C-CF43EE5AA8BA}.Release|Any CPU.Build.0 = Release|Any CPU
		{30EF000D-987D-40E4-A21A-8E1F0185C6F5}.Debug|Any CPU.ActiveCfg = Debug|Any CPU
		{30EF000D-987D-40E4-A21A-8E1F0185C6F5}.Debug|Any CPU.Build.0 = Debug|Any CPU
		{30EF000D-987D-40E4-A21A-8E1F0185C6F5}.Release|Any CPU.ActiveCfg = Release|Any CPU
		{30EF000D-987D-40E4-A21A-8E1F0185C6F5}.Release|Any CPU.Build.0 = Release|Any CPU
		{89AB9006-C05E-4F23-B53E-163ED7BA24F4}.Debug|Any CPU.ActiveCfg = Debug|Any CPU
		{89AB9006-C05E-4F23-B53E-163ED7BA24F4}.Debug|Any CPU.Build.0 = Debug|Any CPU
		{89AB9006-C05E-4F23-B53E-163ED7BA24F4}.Release|Any CPU.ActiveCfg = Release|Any CPU
		{89AB9006-C05E-4F23-B53E-163ED7BA24F4}.Release|Any CPU.Build.0 = Release|Any CPU
		{59CDBE84-3C99-47E3-B71D-C842EC04825B}.Debug|Any CPU.ActiveCfg = Debug|Any CPU
		{59CDBE84-3C99-47E3-B71D-C842EC04825B}.Debug|Any CPU.Build.0 = Debug|Any CPU
		{59CDBE84-3C99-47E3-B71D-C842EC04825B}.Release|Any CPU.ActiveCfg = Release|Any CPU
		{59CDBE84-3C99-47E3-B71D-C842EC04825B}.Release|Any CPU.Build.0 = Release|Any CPU
		{A2942544-8F17-46D1-97D7-3C422B6A7F09}.Debug|Any CPU.ActiveCfg = Debug|Any CPU
		{A2942544-8F17-46D1-97D7-3C422B6A7F09}.Debug|Any CPU.Build.0 = Debug|Any CPU
		{A2942544-8F17-46D1-97D7-3C422B6A7F09}.Release|Any CPU.ActiveCfg = Release|Any CPU
		{A2942544-8F17-46D1-97D7-3C422B6A7F09}.Release|Any CPU.Build.0 = Release|Any CPU
		{D4CEF323-7A8B-4826-855B-089D7965C2C9}.Debug|Any CPU.ActiveCfg = Debug|Any CPU
		{D4CEF323-7A8B-4826-855B-089D7965C2C9}.Debug|Any CPU.Build.0 = Debug|Any CPU
		{D4CEF323-7A8B-4826-855B-089D7965C2C9}.Release|Any CPU.ActiveCfg = Release|Any CPU
		{D4CEF323-7A8B-4826-855B-089D7965C2C9}.Release|Any CPU.Build.0 = Release|Any CPU
		{E539C235-14DE-46D4-B98C-4680B3618066}.Debug|Any CPU.ActiveCfg = Debug|Any CPU
		{E539C235-14DE-46D4-B98C-4680B3618066}.Debug|Any CPU.Build.0 = Debug|Any CPU
		{E539C235-14DE-46D4-B98C-4680B3618066}.Release|Any CPU.ActiveCfg = Release|Any CPU
		{E539C235-14DE-46D4-B98C-4680B3618066}.Release|Any CPU.Build.0 = Release|Any CPU
		{00AE722A-21FA-4457-88C6-EDFBBFD3CF43}.Debug|Any CPU.ActiveCfg = Debug|Any CPU
		{00AE722A-21FA-4457-88C6-EDFBBFD3CF43}.Debug|Any CPU.Build.0 = Debug|Any CPU
		{00AE722A-21FA-4457-88C6-EDFBBFD3CF43}.Release|Any CPU.ActiveCfg = Release|Any CPU
		{00AE722A-21FA-4457-88C6-EDFBBFD3CF43}.Release|Any CPU.Build.0 = Release|Any CPU
		{9AB366D4-B055-48A9-B821-0A00C00CF600}.Debug|Any CPU.ActiveCfg = Debug|Any CPU
		{9AB366D4-B055-48A9-B821-0A00C00CF600}.Debug|Any CPU.Build.0 = Debug|Any CPU
		{9AB366D4-B055-48A9-B821-0A00C00CF600}.Release|Any CPU.ActiveCfg = Release|Any CPU
		{9AB366D4-B055-48A9-B821-0A00C00CF600}.Release|Any CPU.Build.0 = Release|Any CPU
		{EEC09F73-1A8C-4D37-B692-AA5DAD21C561}.Debug|Any CPU.ActiveCfg = Debug|Any CPU
		{EEC09F73-1A8C-4D37-B692-AA5DAD21C561}.Debug|Any CPU.Build.0 = Debug|Any CPU
		{EEC09F73-1A8C-4D37-B692-AA5DAD21C561}.Release|Any CPU.ActiveCfg = Release|Any CPU
		{EEC09F73-1A8C-4D37-B692-AA5DAD21C561}.Release|Any CPU.Build.0 = Release|Any CPU
		{C8A79172-EB87-4A7A-BB87-8588CF89FE49}.Debug|Any CPU.ActiveCfg = Debug|Any CPU
		{C8A79172-EB87-4A7A-BB87-8588CF89FE49}.Debug|Any CPU.Build.0 = Debug|Any CPU
		{C8A79172-EB87-4A7A-BB87-8588CF89FE49}.Release|Any CPU.ActiveCfg = Release|Any CPU
		{C8A79172-EB87-4A7A-BB87-8588CF89FE49}.Release|Any CPU.Build.0 = Release|Any CPU
		{047F2BCE-12A4-46FD-B317-AE335424E19D}.Debug|Any CPU.ActiveCfg = Debug|Any CPU
		{047F2BCE-12A4-46FD-B317-AE335424E19D}.Debug|Any CPU.Build.0 = Debug|Any CPU
		{047F2BCE-12A4-46FD-B317-AE335424E19D}.Release|Any CPU.ActiveCfg = Release|Any CPU
		{047F2BCE-12A4-46FD-B317-AE335424E19D}.Release|Any CPU.Build.0 = Release|Any CPU
	EndGlobalSection
	GlobalSection(SolutionProperties) = preSolution
		HideSolutionNode = FALSE
	EndGlobalSection
	GlobalSection(NestedProjects) = preSolution
		{E539C235-14DE-46D4-B98C-4680B3618066} = {49C50457-E42C-4363-BA72-FC50B77293B2}
		{00AE722A-21FA-4457-88C6-EDFBBFD3CF43} = {49C50457-E42C-4363-BA72-FC50B77293B2}
		{9AB366D4-B055-48A9-B821-0A00C00CF600} = {49C50457-E42C-4363-BA72-FC50B77293B2}
	EndGlobalSection
	GlobalSection(ExtensibilityGlobals) = postSolution
		SolutionGuid = {B5084576-D326-4FDA-9534-684EDCE38B68}
	EndGlobalSection
EndGlobal
