
Microsoft Visual Studio Solution File, Format Version 12.00
# Visual Studio Version 17
VisualStudioVersion = 17.5.002.0
MinimumVisualStudioVersion = 10.0.40219.1
Project("{9A19103F-16F7-4668-BE54-9A1E7A4F7556}") = "TodoListTaskVue", "TodoListTaskVue.csproj", "{5474A6F7-8561-482B-8472-F682BB649845}"
EndProject
Global
	GlobalSection(SolutionConfigurationPlatforms) = preSolution
		Debug|Any CPU = Debug|Any CPU
		Release|Any CPU = Release|Any CPU
	EndGlobalSection
	GlobalSection(ProjectConfigurationPlatforms) = postSolution
		{5474A6F7-8561-482B-8472-F682BB649845}.Debug|Any CPU.ActiveCfg = Debug|Any CPU
		{5474A6F7-8561-482B-8472-F682BB649845}.Debug|Any CPU.Build.0 = Debug|Any CPU
		{5474A6F7-8561-482B-8472-F682BB649845}.Release|Any CPU.ActiveCfg = Release|Any CPU
		{5474A6F7-8561-482B-8472-F682BB649845}.Release|Any CPU.Build.0 = Release|Any CPU
	EndGlobalSection
	GlobalSection(SolutionProperties) = preSolution
		HideSolutionNode = FALSE
	EndGlobalSection
	GlobalSection(ExtensibilityGlobals) = postSolution
		SolutionGuid = {DBCE07CD-B304-4465-BAAA-16A1B2F9F850}
	EndGlobalSection
EndGlobal
